
Microsoft Visual Studio Solution File, Format Version 12.00
# Visual Studio 15
VisualStudioVersion = 15.0.27130.2010
MinimumVisualStudioVersion = 10.0.40219.1
Project("{FAE04EC0-301F-11D3-BF4B-00C04F79EFBC}") = "OuiBot", "OuiBot\OuiBot.csproj", "{6EE1F73B-C35B-4096-BCC3-46DABD5093EB}"
EndProject
Global
	GlobalSection(SolutionConfigurationPlatforms) = preSolution
		Debug|Any CPU = Debug|Any CPU
		Release|Any CPU = Release|Any CPU
	EndGlobalSection
	GlobalSection(ProjectConfigurationPlatforms) = postSolution
		{6EE1F73B-C35B-4096-BCC3-46DABD5093EB}.Debug|Any CPU.ActiveCfg = Debug|Any CPU
		{6EE1F73B-C35B-4096-BCC3-46DABD5093EB}.Debug|Any CPU.Build.0 = Debug|Any CPU
		{6EE1F73B-C35B-4096-BCC3-46DABD5093EB}.Release|Any CPU.ActiveCfg = Release|Any CPU
		{6EE1F73B-C35B-4096-BCC3-46DABD5093EB}.Release|Any CPU.Build.0 = Release|Any CPU
	EndGlobalSection
	GlobalSection(SolutionProperties) = preSolution
		HideSolutionNode = FALSE
	EndGlobalSection
	GlobalSection(ExtensibilityGlobals) = postSolution
		SolutionGuid = {65D76F7C-384C-4803-B807-F4D3919D32F0}
	EndGlobalSection
EndGlobal
